
Microsoft Visual Studio Solution File, Format Version 12.00
# Visual Studio 15
VisualStudioVersion = 15.0.27004.2006
MinimumVisualStudioVersion = 10.0.40219.1
Project("{FAE04EC0-301F-11D3-BF4B-00C04F79EFBC}") = "MarketApp", "MarketApp\MarketApp.csproj", "{B15320CC-7A2C-43E8-9BAB-3D19B2573393}"
EndProject
Global
	GlobalSection(SolutionConfigurationPlatforms) = preSolution
		Debug|Any CPU = Debug|Any CPU
		Release|Any CPU = Release|Any CPU
	EndGlobalSection
	GlobalSection(ProjectConfigurationPlatforms) = postSolution
		{B15320CC-7A2C-43E8-9BAB-3D19B2573393}.Debug|Any CPU.ActiveCfg = Debug|Any CPU
		{B15320CC-7A2C-43E8-9BAB-3D19B2573393}.Debug|Any CPU.Build.0 = Debug|Any CPU
		{B15320CC-7A2C-43E8-9BAB-3D19B2573393}.Release|Any CPU.ActiveCfg = Release|Any CPU
		{B15320CC-7A2C-43E8-9BAB-3D19B2573393}.Release|Any CPU.Build.0 = Release|Any CPU
	EndGlobalSection
	GlobalSection(SolutionProperties) = preSolution
		HideSolutionNode = FALSE
	EndGlobalSection
	GlobalSection(ExtensibilityGlobals) = postSolution
		SolutionGuid = {1EB92713-2A3C-40EF-9FD7-5740C9782CCA}
	EndGlobalSection
EndGlobal
